
Microsoft Visual Studio Solution File, Format Version 12.00
# Visual Studio Version 17
VisualStudioVersion = 17.9.34607.119
MinimumVisualStudioVersion = 10.0.40219.1
Project("{FAE04EC0-301F-11D3-BF4B-00C04F79EFBC}") = "Cresmota", "Cresmota.csproj", "{993D6CC3-6578-468A-BEA4-79D0786D31AA}"
EndProject
Project("{FAE04EC0-301F-11D3-BF4B-00C04F79EFBC}") = "DesktopTestApplication", "DesktopTestApplication\DesktopTestApplication.csproj", "{D19B80E7-CF5E-4EB1-A7B1-01A94C11821C}"
EndProject
Global
	GlobalSection(SolutionConfigurationPlatforms) = preSolution
		Debug|Any CPU = Debug|Any CPU
		Release|Any CPU = Release|Any CPU
	EndGlobalSection
	GlobalSection(ProjectConfigurationPlatforms) = postSolution
		{993D6CC3-6578-468A-BEA4-79D0786D31AA}.Debug|Any CPU.ActiveCfg = Debug|Any CPU
		{993D6CC3-6578-468A-BEA4-79D0786D31AA}.Debug|Any CPU.Build.0 = Debug|Any CPU
		{993D6CC3-6578-468A-BEA4-79D0786D31AA}.Release|Any CPU.ActiveCfg = Release|Any CPU
		{993D6CC3-6578-468A-BEA4-79D0786D31AA}.Release|Any CPU.Build.0 = Release|Any CPU
		{D19B80E7-CF5E-4EB1-A7B1-01A94C11821C}.Debug|Any CPU.ActiveCfg = Debug|Any CPU
		{D19B80E7-CF5E-4EB1-A7B1-01A94C11821C}.Debug|Any CPU.Build.0 = Debug|Any CPU
		{D19B80E7-CF5E-4EB1-A7B1-01A94C11821C}.Release|Any CPU.ActiveCfg = Release|Any CPU
		{D19B80E7-CF5E-4EB1-A7B1-01A94C11821C}.Release|Any CPU.Build.0 = Release|Any CPU
	EndGlobalSection
	GlobalSection(SolutionProperties) = preSolution
		HideSolutionNode = FALSE
	EndGlobalSection
	GlobalSection(ExtensibilityGlobals) = postSolution
		SolutionGuid = {2661AD7E-CE7C-49F1-915E-188630D5C97B}
	EndGlobalSection
EndGlobal
